{
  "requires": true,
  "lockfileVersion": 1,
  "dependencies": {
    "tailwindcss-skip-link": {
      "version": "1.0.1",
      "resolved": "https://registry.npmjs.org/tailwindcss-skip-link/-/tailwindcss-skip-link-1.0.1.tgz",
      "integrity": "sha512-Hxivkqu7UEluZY+ZPv+aQv4dreqTfYRgniEtux4qb9yJPjyR4dXiHMIWk7LgNqsyCPKpoRL8FJq55uIQN4ms+w==",
      "dev": true
    }
  }
}
